
Microsoft Visual Studio Solution File, Format Version 12.00
# Visual Studio Version 16
VisualStudioVersion = 16.0.28803.202
MinimumVisualStudioVersion = 10.0.40219.1
Project("{FAE04EC0-301F-11D3-BF4B-00C04F79EFBC}") = "lab2", "lab2\lab2.csproj", "{61971D72-4BC4-4755-AFBD-1C81F3964D81}"
EndProject
Global
	GlobalSection(SolutionConfigurationPlatforms) = preSolution
		Debug|Any CPU = Debug|Any CPU
		Release|Any CPU = Release|Any CPU
	EndGlobalSection
	GlobalSection(ProjectConfigurationPlatforms) = postSolution
		{61971D72-4BC4-4755-AFBD-1C81F3964D81}.Debug|Any CPU.ActiveCfg = Debug|Any CPU
		{61971D72-4BC4-4755-AFBD-1C81F3964D81}.Debug|Any CPU.Build.0 = Debug|Any CPU
		{61971D72-4BC4-4755-AFBD-1C81F3964D81}.Release|Any CPU.ActiveCfg = Release|Any CPU
		{61971D72-4BC4-4755-AFBD-1C81F3964D81}.Release|Any CPU.Build.0 = Release|Any CPU
	EndGlobalSection
	GlobalSection(SolutionProperties) = preSolution
		HideSolutionNode = FALSE
	EndGlobalSection
	GlobalSection(ExtensibilityGlobals) = postSolution
		SolutionGuid = {76342831-3B2B-4272-BFC8-0010E507F2FD}
	EndGlobalSection
EndGlobal
